
Microsoft Visual Studio Solution File, Format Version 12.00
# Visual Studio Version 17
VisualStudioVersion = 17.6.33829.357
MinimumVisualStudioVersion = 10.0.40219.1
Project("{FAE04EC0-301F-11D3-BF4B-00C04F79EFBC}") = "ITicket.MVC", "ITicket.MVC\ITicket.MVC.csproj", "{3DA9900D-CBFF-4F38-B21D-6C163D336125}"
EndProject
Project("{FAE04EC0-301F-11D3-BF4B-00C04F79EFBC}") = "ITicket.DAL", "ITicket.DAL\ITicket.DAL.csproj", "{4BD87D52-6BDF-4DFA-8764-95E09E58ACC4}"
EndProject
Global
	GlobalSection(SolutionConfigurationPlatforms) = preSolution
		Debug|Any CPU = Debug|Any CPU
		Release|Any CPU = Release|Any CPU
	EndGlobalSection
	GlobalSection(ProjectConfigurationPlatforms) = postSolution
		{3DA9900D-CBFF-4F38-B21D-6C163D336125}.Debug|Any CPU.ActiveCfg = Debug|Any CPU
		{3DA9900D-CBFF-4F38-B21D-6C163D336125}.Debug|Any CPU.Build.0 = Debug|Any CPU
		{3DA9900D-CBFF-4F38-B21D-6C163D336125}.Release|Any CPU.ActiveCfg = Release|Any CPU
		{3DA9900D-CBFF-4F38-B21D-6C163D336125}.Release|Any CPU.Build.0 = Release|Any CPU
		{4BD87D52-6BDF-4DFA-8764-95E09E58ACC4}.Debug|Any CPU.ActiveCfg = Debug|Any CPU
		{4BD87D52-6BDF-4DFA-8764-95E09E58ACC4}.Debug|Any CPU.Build.0 = Debug|Any CPU
		{4BD87D52-6BDF-4DFA-8764-95E09E58ACC4}.Release|Any CPU.ActiveCfg = Release|Any CPU
		{4BD87D52-6BDF-4DFA-8764-95E09E58ACC4}.Release|Any CPU.Build.0 = Release|Any CPU
	EndGlobalSection
	GlobalSection(SolutionProperties) = preSolution
		HideSolutionNode = FALSE
	EndGlobalSection
	GlobalSection(ExtensibilityGlobals) = postSolution
		SolutionGuid = {73199DD1-69C2-4471-8482-61ABEC28DA09}
	EndGlobalSection
EndGlobal
